<?xml version="1.0" encoding="utf-8"?>
<Project ToolsVersion="4.0" xmlns="http://schemas.microsoft.com/developer/msbuild/2003">
  <ItemGroup>
    <Filter Include="源文件">
      <UniqueIdentifier>{4FC737F1-C7A5-4376-A066-2A32D752A2FF}</UniqueIdentifier>
      <Extensions>cpp;c;cc;cxx;def;odl;idl;hpj;bat;asm;asmx</Extensions>
    </Filter>
    <Filter Include="资源文件">
      <UniqueIdentifier>{67DA6AB6-F800-4c08-8B7A-83BB121AAD01}</UniqueIdentifier>
      <Extensions>rc;ico;cur;bmp;dlg;rc2;rct;bin;rgs;gif;jpg;jpeg;jpe;resx;tiff;tif;png;wav;mfcribbon-ms</Extensions>
    </Filter>
    <Filter Include="Login">
      <UniqueIdentifier>{ae6a65fa-d2e2-4bc8-afed-6f4f59521345}</UniqueIdentifier>
    </Filter>
    <Filter Include="HttpRequst">
      <UniqueIdentifier>{dca7a8d2-1413-450f-a100-5ad254d30e99}</UniqueIdentifier>
    </Filter>
    <Filter Include="ConfigFile">
      <UniqueIdentifier>{cda0c1ec-d5b4-4ec8-831a-099e3176e66c}</UniqueIdentifier>
    </Filter>
    <Filter Include="Sqlite3">
      <UniqueIdentifier>{6d344380-2ee9-413e-a9dc-ccbedb439b62}</UniqueIdentifier>
    </Filter>
  </ItemGroup>
  <ItemGroup>
    <ClCompile Include="WinMain.cpp">
      <Filter>源文件</Filter>
    </ClCompile>
    <ClCompile Include="Login\LoginWnd.cpp">
      <Filter>Login</Filter>
    </ClCompile>
    <ClCompile Include="HttpRequst\HttpRequest.cpp">
      <Filter>HttpRequst</Filter>
    </ClCompile>
    <ClCompile Include="ConfigFile\ConfigFile.cpp">
      <Filter>ConfigFile</Filter>
    </ClCompile>
    <ClCompile Include="sqlite3\db.cpp">
      <Filter>Sqlite3</Filter>
    </ClCompile>
  </ItemGroup>
  <ItemGroup>
    <ClInclude Include="Login\LoginWnd.h">
      <Filter>Login</Filter>
    </ClInclude>
    <ClInclude Include="expresshead.h">
      <Filter>源文件</Filter>
    </ClInclude>
    <ClInclude Include="HttpRequst\HttpRequest.h">
      <Filter>HttpRequst</Filter>
    </ClInclude>
    <ClInclude Include="ConfigFile\ConfigFile.h">
      <Filter>ConfigFile</Filter>
    </ClInclude>
    <ClInclude Include="sqlite3\db.h">
      <Filter>Sqlite3</Filter>
    </ClInclude>
  </ItemGroup>
</Project>